
Microsoft Visual Studio Solution File, Format Version 12.00
# Visual Studio Version 16
VisualStudioVersion = 16.0.31911.196
MinimumVisualStudioVersion = 10.0.40219.1
Project("{9A19103F-16F7-4668-BE54-9A1E7A4F7556}") = "DataAccess", "DataAccess\DataAccess.csproj", "{6A26FF17-D3D0-4521-819C-A93CFD9BA2BC}"
EndProject
Project("{9A19103F-16F7-4668-BE54-9A1E7A4F7556}") = "Business", "Business\Business.csproj", "{B01D6677-A2E7-46BF-BE4F-629372A42FE6}"
EndProject
Project("{9A19103F-16F7-4668-BE54-9A1E7A4F7556}") = "Entities", "Entities\Entities.csproj", "{3DBB396B-EFD1-4D1D-996A-7167FB40031F}"
EndProject
Project("{9A19103F-16F7-4668-BE54-9A1E7A4F7556}") = "ConsoleUI", "ConsoleUI\ConsoleUI.csproj", "{62E83CA4-DE3B-4857-95F3-7E1F56462D92}"
EndProject
Project("{FAE04EC0-301F-11D3-BF4B-00C04F79EFBC}") = "Core", "Core\Core.csproj", "{EDF074C4-01B2-4EB6-96DD-C5B4B4DA2660}"
EndProject
Global
	GlobalSection(SolutionConfigurationPlatforms) = preSolution
		Debug|Any CPU = Debug|Any CPU
		Release|Any CPU = Release|Any CPU
	EndGlobalSection
	GlobalSection(ProjectConfigurationPlatforms) = postSolution
		{6A26FF17-D3D0-4521-819C-A93CFD9BA2BC}.Debug|Any CPU.ActiveCfg = Debug|Any CPU
		{6A26FF17-D3D0-4521-819C-A93CFD9BA2BC}.Debug|Any CPU.Build.0 = Debug|Any CPU
		{6A26FF17-D3D0-4521-819C-A93CFD9BA2BC}.Release|Any CPU.ActiveCfg = Release|Any CPU
		{6A26FF17-D3D0-4521-819C-A93CFD9BA2BC}.Release|Any CPU.Build.0 = Release|Any CPU
		{B01D6677-A2E7-46BF-BE4F-629372A42FE6}.Debug|Any CPU.ActiveCfg = Debug|Any CPU
		{B01D6677-A2E7-46BF-BE4F-629372A42FE6}.Debug|Any CPU.Build.0 = Debug|Any CPU
		{B01D6677-A2E7-46BF-BE4F-629372A42FE6}.Release|Any CPU.ActiveCfg = Release|Any CPU
		{B01D6677-A2E7-46BF-BE4F-629372A42FE6}.Release|Any CPU.Build.0 = Release|Any CPU
		{3DBB396B-EFD1-4D1D-996A-7167FB40031F}.Debug|Any CPU.ActiveCfg = Debug|Any CPU
		{3DBB396B-EFD1-4D1D-996A-7167FB40031F}.Debug|Any CPU.Build.0 = Debug|Any CPU
		{3DBB396B-EFD1-4D1D-996A-7167FB40031F}.Release|Any CPU.ActiveCfg = Release|Any CPU
		{3DBB396B-EFD1-4D1D-996A-7167FB40031F}.Release|Any CPU.Build.0 = Release|Any CPU
		{62E83CA4-DE3B-4857-95F3-7E1F56462D92}.Debug|Any CPU.ActiveCfg = Debug|Any CPU
		{62E83CA4-DE3B-4857-95F3-7E1F56462D92}.Debug|Any CPU.Build.0 = Debug|Any CPU
		{62E83CA4-DE3B-4857-95F3-7E1F56462D92}.Release|Any CPU.ActiveCfg = Release|Any CPU
		{62E83CA4-DE3B-4857-95F3-7E1F56462D92}.Release|Any CPU.Build.0 = Release|Any CPU
		{EDF074C4-01B2-4EB6-96DD-C5B4B4DA2660}.Debug|Any CPU.ActiveCfg = Debug|Any CPU
		{EDF074C4-01B2-4EB6-96DD-C5B4B4DA2660}.Debug|Any CPU.Build.0 = Debug|Any CPU
		{EDF074C4-01B2-4EB6-96DD-C5B4B4DA2660}.Release|Any CPU.ActiveCfg = Release|Any CPU
		{EDF074C4-01B2-4EB6-96DD-C5B4B4DA2660}.Release|Any CPU.Build.0 = Release|Any CPU
	EndGlobalSection
	GlobalSection(SolutionProperties) = preSolution
		HideSolutionNode = FALSE
	EndGlobalSection
	GlobalSection(ExtensibilityGlobals) = postSolution
		SolutionGuid = {02D90013-8C78-4D61-B7B0-0E220D5FD02E}
	EndGlobalSection
EndGlobal
